
Microsoft Visual Studio Solution File, Format Version 11.00
# Visual Studio 2010
Project("{FAE04EC0-301F-11D3-BF4B-00C04F79EFBC}") = "Polimorfismo", "Polimorfismo\Polimorfismo.csproj", "{642E614F-23E8-4B9C-8783-738A2EB6E24A}"
EndProject
Project("{FAE04EC0-301F-11D3-BF4B-00C04F79EFBC}") = "Polimorfismo_WindowsForms", "Polimorfismo_WindowsForms\Polimorfismo_WindowsForms.csproj", "{D6DA6687-4D17-42F5-B325-ED84C14DD8F3}"
EndProject
Global
	GlobalSection(SolutionConfigurationPlatforms) = preSolution
		Debug|x86 = Debug|x86
		Release|x86 = Release|x86
	EndGlobalSection
	GlobalSection(ProjectConfigurationPlatforms) = postSolution
		{642E614F-23E8-4B9C-8783-738A2EB6E24A}.Debug|x86.ActiveCfg = Debug|x86
		{642E614F-23E8-4B9C-8783-738A2EB6E24A}.Debug|x86.Build.0 = Debug|x86
		{642E614F-23E8-4B9C-8783-738A2EB6E24A}.Release|x86.ActiveCfg = Release|x86
		{642E614F-23E8-4B9C-8783-738A2EB6E24A}.Release|x86.Build.0 = Release|x86
		{D6DA6687-4D17-42F5-B325-ED84C14DD8F3}.Debug|x86.ActiveCfg = Debug|x86
		{D6DA6687-4D17-42F5-B325-ED84C14DD8F3}.Debug|x86.Build.0 = Debug|x86
		{D6DA6687-4D17-42F5-B325-ED84C14DD8F3}.Release|x86.ActiveCfg = Release|x86
		{D6DA6687-4D17-42F5-B325-ED84C14DD8F3}.Release|x86.Build.0 = Release|x86
	EndGlobalSection
	GlobalSection(SolutionProperties) = preSolution
		HideSolutionNode = FALSE
	EndGlobalSection
EndGlobal
